
Microsoft Visual Studio Solution File, Format Version 12.00
# Visual Studio Version 16
VisualStudioVersion = 16.0.29418.71
MinimumVisualStudioVersion = 10.0.40219.1
Project("{FAE04EC0-301F-11D3-BF4B-00C04F79EFBC}") = "AtYarisi", "AtYarisi\AtYarisi.csproj", "{8F8A182D-13A3-4C91-86D0-DED9B29E9276}"
EndProject
Global
	GlobalSection(SolutionConfigurationPlatforms) = preSolution
		Debug|Any CPU = Debug|Any CPU
		Release|Any CPU = Release|Any CPU
	EndGlobalSection
	GlobalSection(ProjectConfigurationPlatforms) = postSolution
		{8F8A182D-13A3-4C91-86D0-DED9B29E9276}.Debug|Any CPU.ActiveCfg = Debug|Any CPU
		{8F8A182D-13A3-4C91-86D0-DED9B29E9276}.Debug|Any CPU.Build.0 = Debug|Any CPU
		{8F8A182D-13A3-4C91-86D0-DED9B29E9276}.Release|Any CPU.ActiveCfg = Release|Any CPU
		{8F8A182D-13A3-4C91-86D0-DED9B29E9276}.Release|Any CPU.Build.0 = Release|Any CPU
	EndGlobalSection
	GlobalSection(SolutionProperties) = preSolution
		HideSolutionNode = FALSE
	EndGlobalSection
	GlobalSection(ExtensibilityGlobals) = postSolution
		SolutionGuid = {9E16CB7C-0AAD-4AD4-B85A-AFA2398CDF13}
	EndGlobalSection
EndGlobal
